# macOS arm64 (osx-arm64) measured conda solve, Python 3.11.15 — the platform
# the results were verified on. Build strings are platform-specific: this lock
# will NOT solve on Linux or other platforms. Use the portable environment.yml
# (repo root) there instead.
# Refreshed 2026-07-30 (v2.0 Phase-3 R-6): pyarrow pinned 24.0.0 in
# environment.yml (parquet written by pyarrow 24 is unreadable by older
# pyarrow); arxiv-latex-cleaner / pymupdf / pypdf are documentation-session
# tooling present in the measured env, not results dependencies.
name: tsfm-tails
channels:
  - conda-forge
  - defaults
dependencies:
  - _openmp_mutex=4.5=7_kmp_llvm
  - arch-py=8.0.0=py311h09efe57_0
  - aws-c-auth=0.10.3=hc11c9a1_3
  - aws-c-cal=0.9.14=h81c6212_2
  - aws-c-common=0.14.0=h84a0fba_0
  - aws-c-compression=0.3.2=h61d3404_2
  - aws-c-event-stream=0.7.1=h7e6a3cf_2
  - aws-c-http=0.11.0=h0a63974_2
  - aws-c-io=0.26.3=h58c0f83_5
  - aws-c-mqtt=0.16.0=ha70999f_0
  - aws-c-s3=0.12.6=h43def2a_0
  - aws-c-sdkutils=0.2.5=h61d3404_0
  - aws-checksums=0.2.10=h61d3404_2
  - aws-crt-cpp=0.40.1=hb87031f_1
  - aws-sdk-cpp=1.11.833=h4e95165_7
  - azure-core-cpp=1.16.3=he5ae378_0
  - azure-identity-cpp=1.13.3=h05177fb_2
  - azure-storage-blobs-cpp=12.18.0=h409340b_1
  - azure-storage-common-cpp=12.14.0=h7cba3ab_1
  - azure-storage-files-datalake-cpp=12.16.0=h16bb3af_1
  - brotli=1.2.0=h7d5ae5b_1
  - brotli-bin=1.2.0=hc919400_1
  - bzip2=1.0.8=hd037594_9
  - c-ares=1.34.6=hc919400_0
  - ca-certificates=2026.6.17=hbd8a1cb_0
  - cairo=1.18.4=he0f2337_1
  - colorama=0.4.6=pyhd8ed1ab_1
  - contourpy=1.3.3=py311h7d85929_4
  - cycler=0.12.1=pyhcf101f3_2
  - exceptiongroup=1.3.1=pyhd8ed1ab_0
  - font-ttf-dejavu-sans-mono=2.37=hab24e00_0
  - font-ttf-inconsolata=3.000=h77eed37_0
  - font-ttf-source-code-pro=2.038=h77eed37_0
  - font-ttf-ubuntu=0.83=h77eed37_3
  - fontconfig=2.18.1=h2b252f5_0
  - fonts-conda-ecosystem=1=0
  - fonts-conda-forge=1=hc364b38_1
  - fonttools=4.63.0=py311hc290fe0_0
  - freetype=2.14.3=hce30654_1
  - fribidi=1.0.16=hc919400_0
  - gflags=2.2.2=hf9b8971_1005
  - glog=0.7.1=heb240a5_0
  - graphite2=1.3.15=hf6b4638_0
  - icu=78.3=hef89b57_0
  - iniconfig=2.3.0=pyhd8ed1ab_0
  - kiwisolver=1.5.0=py311h7d85929_0
  - krb5=1.22.2=hfd3d5f3_1
  - lcms2=2.19.1=hdfa7624_1
  - lerc=4.1.0=h1eee2c3_0
  - libabseil=20260107.1=cxx17_h2062a1b_0
  - libarrow=24.0.0=h30967a1_9_cpu
  - libarrow-acero=24.0.0=ha4f4840_9_cpu
  - libarrow-compute=24.0.0=h8d10c55_9_cpu
  - libarrow-dataset=24.0.0=ha4f4840_9_cpu
  - libarrow-substrait=24.0.0=h05be00f_9_cpu
  - libblas=3.11.0=8_h51639a9_openblas
  - libbrotlicommon=1.2.0=hc919400_1
  - libbrotlidec=1.2.0=hc919400_1
  - libbrotlienc=1.2.0=hc919400_1
  - libcblas=3.11.0=8_hb0561ab_openblas
  - libcrc32c=1.1.2=hbdafb3b_0
  - libcurl=8.21.0=h1359186_2
  - libcxx=22.1.8=h55c6f16_0
  - libdeflate=1.25=hc11a715_0
  - libedit=3.1.20250104=pl5321hafb1f1b_0
  - libev=4.33=h93a5062_2
  - libevent=2.1.12=h2757513_1
  - libexpat=2.8.1=hf6b4638_1
  - libffi=3.5.2=hcf2aa1b_0
  - libfreetype=2.14.3=hce30654_1
  - libfreetype6=2.14.3=hdfa99f5_1
  - libgcc=15.2.0=hcbb3090_19
  - libgfortran=15.2.0=h07b0088_19
  - libgfortran5=15.2.0=hdae7583_19
  - libglib=2.88.2=ha08bb59_0
  - libgoogle-cloud=3.6.0=h688a705_0
  - libgoogle-cloud-storage=3.6.0=ha114238_0
  - libgrpc=1.78.1=h3e3f78d_0
  - libharfbuzz=14.2.1=h5a65909_1
  - libiconv=1.18=h23cfdf5_2
  - libintl=0.25.1=h493aca8_0
  - libjpeg-turbo=3.1.4.1=h84a0fba_0
  - liblapack=3.11.0=8_hd9741b5_openblas
  - liblzma=5.8.3=h8088a28_0
  - libnghttp2=1.68.1=h8f3e76b_0
  - libopenblas=0.3.33=openmp_he657e61_0
  - libopentelemetry-cpp=1.27.0=h08d5cc3_0
  - libopentelemetry-cpp-headers=1.27.0=hce30654_0
  - libparquet=24.0.0=h840b369_9_cpu
  - libpng=1.6.58=h132b30e_0
  - libprotobuf=6.33.5=hb82ec63_2
  - libpsl=0.22.0=hb427e8f_0
  - libraqm=0.10.5=h45af499_1
  - libre2-11=2025.11.05=h4c27e2a_1
  - libsqlite=3.53.3=h1b79a29_0
  - libssh2=1.11.1=h1590b86_0
  - libthrift=0.22.0=h1fb9c8a_2
  - libtiff=4.7.2=h282da08_0
  - libutf8proc=2.11.3=h2431656_0
  - libwebp-base=1.6.0=h07db88b_0
  - libxcb=1.17.0=hdb1d25a_0
  - libxml2=2.15.3=h5654f7c_0
  - libxml2-16=2.15.3=h5ef1a60_0
  - libzlib=1.3.2=h8088a28_2
  - llvm-openmp=22.1.8=hc7d1edf_0
  - lz4-c=1.10.0=h286801f_1
  - matplotlib=3.11.0=py311ha1ab1f8_1
  - matplotlib-base=3.11.0=py311h00527d9_1
  - munkres=1.1.4=pyhd8ed1ab_1
  - ncurses=6.6=h1d4f5a5_0
  - nlohmann_json=3.12.0=h784d473_1
  - openjpeg=2.5.4=hd9e9057_0
  - openssl=3.6.3=hd24854e_0
  - orc=2.3.0=hd11884d_0
  - patsy=1.0.2=pyhcf101f3_0
  - pcre2=10.47=h30297fc_0
  - pillow=12.3.0=py311hd37aea2_0
  - pip=26.1.2=pyh8b19718_0
  - pixman=0.46.4=h81086ad_1
  - pluggy=1.6.0=pyhf9edf01_1
  - prometheus-cpp=1.3.0=h0967b3e_0
  - pthread-stubs=0.4=hd74edd7_1002
  - pyarrow=24.0.0=py311ha1ab1f8_0
  - pyarrow-core=24.0.0=py311h6915ae7_0_cpu
  - pygments=2.20.0=pyhd8ed1ab_0
  - pyparsing=3.3.2=pyhcf101f3_0
  - pytest=9.1.1=pyhc364b38_2
  - python=3.11.15=h0c9c016_1_cpython
  - python-dateutil=2.9.0.post0=pyhe01879c_2
  - python_abi=3.11=8_cp311
  - pyyaml=6.0.3=py311hc290fe0_1
  - qhull=2020.2=h420ef59_5
  - re2=2025.11.05=ha480c28_1
  - readline=8.3=h46df422_0
  - six=1.17.0=pyhe01879c_1
  - snappy=1.2.2=hada39a4_1
  - statsmodels=0.14.6=py311h09efe57_0
  - tk=8.6.13=h010d191_3
  - tomli=2.4.1=pyhcf101f3_0
  - tornado=6.5.7=py311hc949640_0
  - typing_extensions=4.16.0=pyhcf101f3_0
  - unicodedata2=17.0.1=py311hc949640_0
  - wheel=0.47.0=pyhd8ed1ab_0
  - xorg-libxau=1.0.12=hc919400_1
  - xorg-libxdmcp=1.1.5=hc919400_1
  - yaml=0.2.5=h925e9cb_3
  - zlib=1.3.2=h8088a28_2
  - zlib-ng=2.3.3=hed4e4f5_1
  - zstd=1.5.7=hbf9d68e_6
  - pip:
      - absl-py==2.5.0
      - accelerate==1.14.0
      - aiohappyeyeballs==2.7.1
      - aiohttp==3.14.1
      - aiosignal==1.4.0
      - annotated-doc==0.0.4
      - annotated-types==0.7.0
      - antlr4-python3-runtime==4.9.3
      - anyio==4.14.1
      - arxiv-latex-cleaner==1.0.11
      - attrs==26.1.0
      - certifi==2026.6.17
      - charset-normalizer==3.4.7
      - chronos-forecasting==2.3.1
      - click==8.4.2
      - datasets==2.17.1
      - dill==0.3.8
      - einops==0.7.0
      - filelock==3.29.5
      - frozenlist==1.8.0
      - fsspec==2023.10.0
      - gluonts==0.14.4
      - grpcio==1.81.1
      - h11==0.16.0
      - hf-xet==1.5.1
      - httpcore==1.0.9
      - httpx==0.28.1
      - huggingface-hub==1.22.0
      - hydra-core==1.3.0
      - idna==3.18
      - jax==0.6.1
      - jaxlib==0.6.1
      - jaxtyping==0.2.38
      - jinja2==3.1.6
      - lightning==2.6.5
      - lightning-utilities==0.15.3
      - markdown==3.10.2
      - markdown-it-py==4.2.0
      - markupsafe==3.0.3
      - mdurl==0.1.2
      - ml-dtypes==0.5.4
      - mpmath==1.3.0
      - multidict==6.7.1
      - multiprocess==0.70.16
      - networkx==3.6.1
      - numpy==1.26.4
      - omegaconf==2.3.1
      - opt-einsum==3.4.0
      - orjson==3.11.9
      - packaging==24.2
      - pandas==2.1.4
      - platformdirs==4.10.0
      - propcache==0.5.2
      - protobuf==7.35.1
      - psutil==7.2.2
      - pyarrow-hotfix==0.7
      - pydantic==2.13.4
      - pydantic-core==2.46.4
      - pymupdf==1.28.0
      - pypdf==6.14.2
      - python-dotenv==1.0.0
      - pytorch-lightning==2.6.5
      - pytz==2026.2
      - regex==2026.6.28
      - requests==2.34.2
      - rich==15.0.0
      - safetensors==0.8.0
      - scipy==1.11.4
      - setuptools==81.0.0
      - shellingham==1.5.4
      - sympy==1.14.0
      - tensorboard==2.21.0
      - tensorboard-data-server==0.7.2
      # timesfm's version metadata reads 2.0.2, but PyPI 2.0.2 cannot load the
      # TimesFM-2.5 checkpoint; the working install is the git build below
      # (registry.yaml git_commit; verified: site-packages carries timesfm_2p5).
      - timesfm @ git+https://github.com/google-research/timesfm.git@4a6c5cdae7ac73a450843e035fbfc3ffa08e9caf
      - tokenizers==0.22.2
      - toolz==0.12.1
      - torch==2.4.1
      - torchmetrics==1.9.0
      - tqdm==4.68.3
      - transformers==5.13.0
      - typer==0.26.8
      - typing-inspection==0.4.2
      - tzdata==2026.2
      - uni2ts==2.0.0
      - urllib3==2.7.0
      - wadler-lindig==0.1.7
      - werkzeug==3.1.8
      - xxhash==3.8.0
      - yarl==1.24.2
